// !$*UTF8*$!
{
	archiveVersion = 1;
	classes = {
	};
	objectVersion = 46;
	objects = {

/* Begin PBXBuildFile section */
		D078CE3D1EA9B3AC008BE878 /* main.m in Sources */ = {isa = PBXBuildFile; fileRef = D078CE3C1EA9B3AC008BE878 /* main.m */; };
		D078CE401EA9B3AC008BE878 /* AppDelegate.m in Sources */ = {isa = PBXBuildFile; fileRef = D078CE3F1EA9B3AC008BE878 /* AppDelegate.m */; };
		D078CE431EA9B3AC008BE878 /* ViewController.m in Sources */ = {isa = PBXBuildFile; fileRef = D078CE421EA9B3AC008BE878 /* ViewController.m */; };
		D078CE461EA9B3AC008BE878 /* Main.storyboard in Resources */ = {isa = PBXBuildFile; fileRef = D078CE441EA9B3AC008BE878 /* Main.storyboard */; };
		D078CE481EA9B3AC008BE878 /* Assets.xcassets in Resources */ = {isa = PBXBuildFile; fileRef = D078CE471EA9B3AC008BE878 /* Assets.xcassets */; };
		D078CE4B1EA9B3AC008BE878 /* LaunchScreen.storyboard in Resources */ = {isa = PBXBuildFile; fileRef = D078CE491EA9B3AC008BE878 /* LaunchScreen.storyboard */; };
		D078CE551EA9B41E008BE878 /* NSArray+Extension.m in Sources */ = {isa = PBXBuildFile; fileRef = D078CE541EA9B41E008BE878 /* NSArray+Extension.m */; };
		D078CE581EA9B42A008BE878 /* NSDictionary+Extension.m in Sources */ = {isa = PBXBuildFile; fileRef = D078CE571EA9B42A008BE878 /* NSDictionary+Extension.m */; };
		E4A729139F63181E09765EBB /* libPods-qwerHello.a in Frameworks */ = {isa = PBXBuildFile; fileRef = 3EB5DD8C3B98050716B156AB /* libPods-qwerHello.a */; };
/* End PBXBuildFile section */

/* Begin PBXFileReference section */
		3EB5DD8C3B98050716B156AB /* libPods-qwerHello.a */ = {isa = PBXFileReference; explicitFileType = archive.ar; includeInIndex = 0; path = "libPods-qwerHello.a"; sourceTree = BUILT_PRODUCTS_DIR; };
		7140F3D77022B17531726C85 /* Pods-qwerHello.release.xcconfig */ = {isa = PBXFileReference; includeInIndex = 1; lastKnownFileType = text.xcconfig; name = "Pods-qwerHello.release.xcconfig"; path = "Pods/Target Support Files/Pods-qwerHello/Pods-qwerHello.release.xcconfig"; sourceTree = "<group>"; };
		D078CE381EA9B3AC008BE878 /* qwerHello.app */ = {isa = PBXFileReference; explicitFileType = wrapper.application; includeInIndex = 0; path = qwerHello.app; sourceTree = BUILT_PRODUCTS_DIR; };
		D078CE3C1EA9B3AC008BE878 /* main.m */ = {isa = PBXFileReference; lastKnownFileType = sourcecode.c.objc; path = main.m; sourceTree = "<group>"; };
		D078CE3E1EA9B3AC008BE878 /* AppDelegate.h */ = {isa = PBXFileReference; lastKnownFileType = sourcecode.c.h; path = AppDelegate.h; sourceTree = "<group>"; };
		D078CE3F1EA9B3AC008BE878 /* AppDelegate.m */ = {isa = PBXFileReference; lastKnownFileType = sourcecode.c.objc; path = AppDelegate.m; sourceTree = "<group>"; };
		D078CE411EA9B3AC008BE878 /* ViewController.h */ = {isa = PBXFileReference; lastKnownFileType = sourcecode.c.h; path = ViewController.h; sourceTree = "<group>"; };
		D078CE421EA9B3AC008BE878 /* ViewController.m */ = {isa = PBXFileReference; lastKnownFileType = sourcecode.c.objc; path = ViewController.m; sourceTree = "<group>"; };
		D078CE451EA9B3AC008BE878 /* Base */ = {isa = PBXFileReference; lastKnownFileType = file.storyboard; name = Base; path = Base.lproj/Main.storyboard; sourceTree = "<group>"; };
		D078CE471EA9B3AC008BE878 /* Assets.xcassets */ = {isa = PBXFileReference; lastKnownFileType = folder.assetcatalog; path = Assets.xcassets; sourceTree = "<group>"; };
		D078CE4A1EA9B3AC008BE878 /* Base */ = {isa = PBXFileReference; lastKnownFileType = file.storyboard; name = Base; path = Base.lproj/LaunchScreen.storyboard; sourceTree = "<group>"; };
		D078CE4C1EA9B3AC008BE878 /* Info.plist */ = {isa = PBXFileReference; lastKnownFileType = text.plist.xml; path = Info.plist; sourceTree = "<group>"; };
		D078CE531EA9B41E008BE878 /* NSArray+Extension.h */ = {isa = PBXFileReference; fileEncoding = 4; lastKnownFileType = sourcecode.c.h; path = "NSArray+Extension.h"; sourceTree = "<group>"; };
		D078CE541EA9B41E008BE878 /* NSArray+Extension.m */ = {isa = PBXFileReference; fileEncoding = 4; lastKnownFileType = sourcecode.c.objc; path = "NSArray+Extension.m"; sourceTree = "<group>"; };
		D078CE561EA9B42A008BE878 /* NSDictionary+Extension.h */ = {isa = PBXFileReference; fileEncoding = 4; lastKnownFileType = sourcecode.c.h; path = "NSDictionary+Extension.h"; sourceTree = "<group>"; };
		D078CE571EA9B42A008BE878 /* NSDictionary+Extension.m */ = {isa = PBXFileReference; fileEncoding = 4; lastKnownFileType = sourcecode.c.objc; path = "NSDictionary+Extension.m"; sourceTree = "<group>"; };
		DD1647D0B1BB8C22EA0C608E /* Pods-qwerHello.debug.xcconfig */ = {isa = PBXFileReference; includeInIndex = 1; lastKnownFileType = text.xcconfig; name = "Pods-qwerHello.debug.xcconfig"; path = "Pods/Target Support Files/Pods-qwerHello/Pods-qwerHello.debug.xcconfig"; sourceTree = "<group>"; };
/* End PBXFileReference section */

/* Begin PBXFrameworksBuildPhase section */
		D078CE351EA9B3AC008BE878 /* Frameworks */ = {
			isa = PBXFrameworksBuildPhase;
			buildActionMask = 2147483647;
			files = (
				E4A729139F63181E09765EBB /* libPods-qwerHello.a in Frameworks */,
			);
			runOnlyForDeploymentPostprocessing = 0;
		};
/* End PBXFrameworksBuildPhase section */

/* Begin PBXGroup section */
		019586AC977773973F370DE8 /* Frameworks */ = {
			isa = PBXGroup;
			children = (
				3EB5DD8C3B98050716B156AB /* libPods-qwerHello.a */,
			);
			name = Frameworks;
			sourceTree = "<group>";
		};
		A7A1D84123AA26BCD323DCDA /* Pods */ = {
			isa = PBXGroup;
			children = (
				DD1647D0B1BB8C22EA0C608E /* Pods-qwerHello.debug.xcconfig */,
				7140F3D77022B17531726C85 /* Pods-qwerHello.release.xcconfig */,
			);
			name = Pods;
			sourceTree = "<group>";
		};
		D078CE2F1EA9B3AC008BE878 = {
			isa = PBXGroup;
			children = (
				D078CE3A1EA9B3AC008BE878 /* qwerHello */,
				D078CE391EA9B3AC008BE878 /* Products */,
				A7A1D84123AA26BCD323DCDA /* Pods */,
				019586AC977773973F370DE8 /* Frameworks */,
			);
			sourceTree = "<group>";
		};
		D078CE391EA9B3AC008BE878 /* Products */ = {
			isa = PBXGroup;
			children = (
				D078CE381EA9B3AC008BE878 /* qwerHello.app */,
			);
			name = Products;
			sourceTree = "<group>";
		};
		D078CE3A1EA9B3AC008BE878 /* qwerHello */ = {
			isa = PBXGroup;
			children = (
				D078CE521EA9B412008BE878 /* Extension */,
				D078CE3E1EA9B3AC008BE878 /* AppDelegate.h */,
				D078CE3F1EA9B3AC008BE878 /* AppDelegate.m */,
				D078CE411EA9B3AC008BE878 /* ViewController.h */,
				D078CE421EA9B3AC008BE878 /* ViewController.m */,
				D078CE441EA9B3AC008BE878 /* Main.storyboard */,
				D078CE471EA9B3AC008BE878 /* Assets.xcassets */,
				D078CE491EA9B3AC008BE878 /* LaunchScreen.storyboard */,
				D078CE4C1EA9B3AC008BE878 /* Info.plist */,
				D078CE3B1EA9B3AC008BE878 /* Supporting Files */,
			);
			path = qwerHello;
			sourceTree = "<group>";
		};
		D078CE3B1EA9B3AC008BE878 /* Supporting Files */ = {
			isa = PBXGroup;
			children = (
				D078CE3C1EA9B3AC008BE878 /* main.m */,
			);
			name = "Supporting Files";
			sourceTree = "<group>";
		};
		D078CE521EA9B412008BE878 /* Extension */ = {
			isa = PBXGroup;
			children = (
				D078CE531EA9B41E008BE878 /* NSArray+Extension.h */,
				D078CE541EA9B41E008BE878 /* NSArray+Extension.m */,
				D078CE561EA9B42A008BE878 /* NSDictionary+Extension.h */,
				D078CE571EA9B42A008BE878 /* NSDictionary+Extension.m */,
			);
			path = Extension;
			sourceTree = "<group>";
		};
/* End PBXGroup section */

/* Begin PBXNativeTarget section */
		D078CE371EA9B3AC008BE878 /* qwerHello */ = {
			isa = PBXNativeTarget;
			buildConfigurationList = D078CE4F1EA9B3AC008BE878 /* Build configuration list for PBXNativeTarget "qwerHello" */;
			buildPhases = (
				625368709DA2B768E20D3C5A /* [CP] Check Pods Manifest.lock */,
				D078CE341EA9B3AC008BE878 /* Sources */,
				D078CE351EA9B3AC008BE878 /* Frameworks */,
				D078CE361EA9B3AC008BE878 /* Resources */,
				1FF6DDC0E2776E6EE263887C /* [CP] Embed Pods Frameworks */,
				7D0DE2266EAB26139F3BB827 /* [CP] Copy Pods Resources */,
			);
			buildRules = (
			);
			dependencies = (
			);
			name = qwerHello;
			productName = qwerHello;
			productReference = D078CE381EA9B3AC008BE878 /* qwerHello.app */;
			productType = "com.apple.product-type.application";
		};
/* End PBXNativeTarget section */

/* Begin PBXProject section */
		D078CE301EA9B3AC008BE878 /* Project object */ = {
			isa = PBXProject;
			attributes = {
				LastUpgradeCheck = 0830;
				ORGANIZATIONNAME = sw;
				TargetAttributes = {
					D078CE371EA9B3AC008BE878 = {
						CreatedOnToolsVersion = 8.3;
						ProvisioningStyle = Automatic;
					};
				};
			};
			buildConfigurationList = D078CE331EA9B3AC008BE878 /* Build configuration list for PBXProject "qwerHello" */;
			compatibilityVersion = "Xcode 3.2";
			developmentRegion = English;
			hasScannedForEncodings = 0;
			knownRegions = (
				en,
				Base,
			);
			mainGroup = D078CE2F1EA9B3AC008BE878;
			productRefGroup = D078CE391EA9B3AC008BE878 /* Products */;
			projectDirPath = "";
			projectRoot = "";
			targets = (
				D078CE371EA9B3AC008BE878 /* qwerHello */,
			);
		};
/* End PBXProject section */

/* Begin PBXResourcesBuildPhase section */
		D078CE361EA9B3AC008BE878 /* Resources */ = {
			isa = PBXResourcesBuildPhase;
			buildActionMask = 2147483647;
			files = (
				D078CE4B1EA9B3AC008BE878 /* LaunchScreen.storyboard in Resources */,
				D078CE481EA9B3AC008BE878 /* Assets.xcassets in Resources */,
				D078CE461EA9B3AC008BE878 /* Main.storyboard in Resources */,
			);
			runOnlyForDeploymentPostprocessing = 0;
		};
/* End PBXResourcesBuildPhase section */

/* Begin PBXShellScriptBuildPhase section */
		1FF6DDC0E2776E6EE263887C /* [CP] Embed Pods Frameworks */ = {
			isa = PBXShellScriptBuildPhase;
			buildActionMask = 2147483647;
			files = (
			);
			inputPaths = (
			);
			name = "[CP] Embed Pods Frameworks";
			outputPaths = (
			);
			runOnlyForDeploymentPostprocessing = 0;
			shellPath = /bin/sh;
			shellScript = "\"${SRCROOT}/Pods/Target Support Files/Pods-qwerHello/Pods-qwerHello-frameworks.sh\"\n";
			showEnvVarsInLog = 0;
		};
		625368709DA2B768E20D3C5A /* [CP] Check Pods Manifest.lock */ = {
			isa = PBXShellScriptBuildPhase;
			buildActionMask = 2147483647;
			files = (
			);
			inputPaths = (
			);
			name = "[CP] Check Pods Manifest.lock";
			outputPaths = (
			);
			runOnlyForDeploymentPostprocessing = 0;
			shellPath = /bin/sh;
			shellScript = "diff \"${PODS_PODFILE_DIR_PATH}/Podfile.lock\" \"${PODS_ROOT}/Manifest.lock\" > /dev/null\nif [ $? != 0 ] ; then\n    # print error to STDERR\n    echo \"error: The sandbox is not in sync with the Podfile.lock. Run 'pod install' or update your CocoaPods installation.\" >&2\n    exit 1\nfi\n";
			showEnvVarsInLog = 0;
		};
		7D0DE2266EAB26139F3BB827 /* [CP] Copy Pods Resources */ = {
			isa = PBXShellScriptBuildPhase;
			buildActionMask = 2147483647;
			files = (
			);
			inputPaths = (
			);
			name = "[CP] Copy Pods Resources";
			outputPaths = (
			);
			runOnlyForDeploymentPostprocessing = 0;
			shellPath = /bin/sh;
			shellScript = "\"${SRCROOT}/Pods/Target Support Files/Pods-qwerHello/Pods-qwerHello-resources.sh\"\n";
			showEnvVarsInLog = 0;
		};
/* End PBXShellScriptBuildPhase section */

/* Begin PBXSourcesBuildPhase section */
		D078CE341EA9B3AC008BE878 /* Sources */ = {
			isa = PBXSourcesBuildPhase;
			buildActionMask = 2147483647;
			files = (
				D078CE581EA9B42A008BE878 /* NSDictionary+Extension.m in Sources */,
				D078CE431EA9B3AC008BE878 /* ViewController.m in Sources */,
				D078CE401EA9B3AC008BE878 /* AppDelegate.m in Sources */,
				D078CE551EA9B41E008BE878 /* NSArray+Extension.m in Sources */,
				D078CE3D1EA9B3AC008BE878 /* main.m in Sources */,
			);
			runOnlyForDeploymentPostprocessing = 0;
		};
/* End PBXSourcesBuildPhase section */

/* Begin PBXVariantGroup section */
		D078CE441EA9B3AC008BE878 /* Main.storyboard */ = {
			isa = PBXVariantGroup;
			children = (
				D078CE451EA9B3AC008BE878 /* Base */,
			);
			name = Main.storyboard;
			sourceTree = "<group>";
		};
		D078CE491EA9B3AC008BE878 /* LaunchScreen.storyboard */ = {
			isa = PBXVariantGroup;
			children = (
				D078CE4A1EA9B3AC008BE878 /* Base */,
			);
			name = LaunchScreen.storyboard;
			sourceTree = "<group>";
		};
/* End PBXVariantGroup section */

/* Begin XCBuildConfiguration section */
		D078CE4D1EA9B3AC008BE878 /* Debug */ = {
			isa = XCBuildConfiguration;
			buildSettings = {
				ALWAYS_SEARCH_USER_PATHS = NO;
				CLANG_ANALYZER_NONNULL = YES;
				CLANG_ANALYZER_NUMBER_OBJECT_CONVERSION = YES_AGGRESSIVE;
				CLANG_CXX_LANGUAGE_STANDARD = "gnu++0x";
				CLANG_CXX_LIBRARY = "libc++";
				CLANG_ENABLE_MODULES = YES;
				CLANG_ENABLE_OBJC_ARC = YES;
				CLANG_WARN_BOOL_CONVERSION = YES;
				CLANG_WARN_CONSTANT_CONVERSION = YES;
				CLANG_WARN_DIRECT_OBJC_ISA_USAGE = YES_ERROR;
				CLANG_WARN_DOCUMENTATION_COMMENTS = YES;
				CLANG_WARN_EMPTY_BODY = YES;
				CLANG_WARN_ENUM_CONVERSION = YES;
				CLANG_WARN_INFINITE_RECURSION = YES;
				CLANG_WARN_INT_CONVERSION = YES;
				CLANG_WARN_OBJC_ROOT_CLASS = YES_ERROR;
				CLANG_WARN_SUSPICIOUS_MOVE = YES;
				CLANG_WARN_UNREACHABLE_CODE = YES;
				CLANG_WARN__DUPLICATE_METHOD_MATCH = YES;
				"CODE_SIGN_IDENTITY[sdk=iphoneos*]" = "iPhone Developer";
				COPY_PHASE_STRIP = NO;
				DEBUG_INFORMATION_FORMAT = dwarf;
				ENABLE_STRICT_OBJC_MSGSEND = YES;
				ENABLE_TESTABILITY = YES;
				GCC_C_LANGUAGE_STANDARD = gnu99;
				GCC_DYNAMIC_NO_PIC = NO;
				GCC_NO_COMMON_BLOCKS = YES;
				GCC_OPTIMIZATION_LEVEL = 0;
				GCC_PREPROCESSOR_DEFINITIONS = (
					"DEBUG=1",
					"$(inherited)",
				);
				GCC_WARN_64_TO_32_BIT_CONVERSION = YES;
				GCC_WARN_ABOUT_RETURN_TYPE = YES_ERROR;
				GCC_WARN_UNDECLARED_SELECTOR = YES;
				GCC_WARN_UNINITIALIZED_AUTOS = YES_AGGRESSIVE;
				GCC_WARN_UNUSED_FUNCTION = YES;
				GCC_WARN_UNUSED_VARIABLE = YES;
				IPHONEOS_DEPLOYMENT_TARGET = 10.3;
				MTL_ENABLE_DEBUG_INFO = YES;
				ONLY_ACTIVE_ARCH = YES;
				SDKROOT = iphoneos;
			};
			name = Debug;
		};
		D078CE4E1EA9B3AC008BE878 /* Release */ = {
			isa = XCBuildConfiguration;
			buildSettings = {
				ALWAYS_SEARCH_USER_PATHS = NO;
				CLANG_ANALYZER_NONNULL = YES;
				CLANG_ANALYZER_NUMBER_OBJECT_CONVERSION = YES_AGGRESSIVE;
				CLANG_CXX_LANGUAGE_STANDARD = "gnu++0x";
				CLANG_CXX_LIBRARY = "libc++";
				CLANG_ENABLE_MODULES = YES;
				CLANG_ENABLE_OBJC_ARC = YES;
				CLANG_WARN_BOOL_CONVERSION = YES;
				CLANG_WARN_CONSTANT_CONVERSION = YES;
				CLANG_WARN_DIRECT_OBJC_ISA_USAGE = YES_ERROR;
				CLANG_WARN_DOCUMENTATION_COMMENTS = YES;
				CLANG_WARN_EMPTY_BODY = YES;
				CLANG_WARN_ENUM_CONVERSION = YES;
				CLANG_WARN_INFINITE_RECURSION = YES;
				CLANG_WARN_INT_CONVERSION = YES;
				CLANG_WARN_OBJC_ROOT_CLASS = YES_ERROR;
				CLANG_WARN_SUSPICIOUS_MOVE = YES;
				CLANG_WARN_UNREACHABLE_CODE = YES;
				CLANG_WARN__DUPLICATE_METHOD_MATCH = YES;
				"CODE_SIGN_IDENTITY[sdk=iphoneos*]" = "iPhone Developer";
				COPY_PHASE_STRIP = NO;
				DEBUG_INFORMATION_FORMAT = "dwarf-with-dsym";
				ENABLE_NS_ASSERTIONS = NO;
				ENABLE_STRICT_OBJC_MSGSEND = YES;
				GCC_C_LANGUAGE_STANDARD = gnu99;
				GCC_NO_COMMON_BLOCKS = YES;
				GCC_WARN_64_TO_32_BIT_CONVERSION = YES;
				GCC_WARN_ABOUT_RETURN_TYPE = YES_ERROR;
				GCC_WARN_UNDECLARED_SELECTOR = YES;
				GCC_WARN_UNINITIALIZED_AUTOS = YES_AGGRESSIVE;
				GCC_WARN_UNUSED_FUNCTION = YES;
				GCC_WARN_UNUSED_VARIABLE = YES;
				IPHONEOS_DEPLOYMENT_TARGET = 10.3;
				MTL_ENABLE_DEBUG_INFO = NO;
				SDKROOT = iphoneos;
				VALIDATE_PRODUCT = YES;
			};
			name = Release;
		};
		D078CE501EA9B3AC008BE878 /* Debug */ = {
			isa = XCBuildConfiguration;
			baseConfigurationReference = DD1647D0B1BB8C22EA0C608E /* Pods-qwerHello.debug.xcconfig */;
			buildSettings = {
				ASSETCATALOG_COMPILER_APPICON_NAME = AppIcon;
				INFOPLIST_FILE = qwerHello/Info.plist;
				LD_RUNPATH_SEARCH_PATHS = "$(inherited) @executable_path/Frameworks";
				PRODUCT_BUNDLE_IDENTIFIER = com.Feinno.qwerHello;
				PRODUCT_NAME = "$(TARGET_NAME)";
			};
			name = Debug;
		};
		D078CE511EA9B3AC008BE878 /* Release */ = {
			isa = XCBuildConfiguration;
			baseConfigurationReference = 7140F3D77022B17531726C85 /* Pods-qwerHello.release.xcconfig */;
			buildSettings = {
				ASSETCATALOG_COMPILER_APPICON_NAME = AppIcon;
				INFOPLIST_FILE = qwerHello/Info.plist;
				LD_RUNPATH_SEARCH_PATHS = "$(inherited) @executable_path/Frameworks";
				PRODUCT_BUNDLE_IDENTIFIER = com.Feinno.qwerHello;
				PRODUCT_NAME = "$(TARGET_NAME)";
			};
			name = Release;
		};
/* End XCBuildConfiguration section */

/* Begin XCConfigurationList section */
		D078CE331EA9B3AC008BE878 /* Build configuration list for PBXProject "qwerHello" */ = {
			isa = XCConfigurationList;
			buildConfigurations = (
				D078CE4D1EA9B3AC008BE878 /* Debug */,
				D078CE4E1EA9B3AC008BE878 /* Release */,
			);
			defaultConfigurationIsVisible = 0;
			defaultConfigurationName = Release;
		};
		D078CE4F1EA9B3AC008BE878 /* Build configuration list for PBXNativeTarget "qwerHello" */ = {
			isa = XCConfigurationList;
			buildConfigurations = (
				D078CE501EA9B3AC008BE878 /* Debug */,
				D078CE511EA9B3AC008BE878 /* Release */,
			);
			defaultConfigurationIsVisible = 0;
			defaultConfigurationName = Release;
		};
/* End XCConfigurationList section */
	};
	rootObject = D078CE301EA9B3AC008BE878 /* Project object */;
}
